
Microsoft Visual Studio Solution File, Format Version 12.00
# Visual Studio 2013
VisualStudioVersion = 12.0.31101.0
MinimumVisualStudioVersion = 10.0.40219.1
Project("{FAE04EC0-301F-11D3-BF4B-00C04F79EFBC}") = "SpeechCustomUi", "SpeechCustomUi\SpeechCustomUi.csproj", "{8D00492F-35CD-4559-BFB6-448A35E00509}"
EndProject
Project("{FAE04EC0-301F-11D3-BF4B-00C04F79EFBC}") = "CommonLib", "CommonLib\CommonLib.csproj", "{441F9056-97EE-4774-9DDC-D8F62BE2746F}"
EndProject
Project("{FAE04EC0-301F-11D3-BF4B-00C04F79EFBC}") = "DeviceWebService", "DeviceWebService\DeviceWebService.csproj", "{93055502-678C-4A01-9F74-07F6B563A514}"
EndProject
Project("{FAE04EC0-301F-11D3-BF4B-00C04F79EFBC}") = "NLPCore", "NLPCore\NLPCore.csproj", "{6D4F5BE0-82DF-452E-97E1-38B0E88E352B}"
EndProject
Project("{FAE04EC0-301F-11D3-BF4B-00C04F79EFBC}") = "NLPTest", "NLPTest\NLPTest.csproj", "{A36CEFDE-1EF9-41CE-A890-C912ADBDFD65}"
EndProject
Project("{FAE04EC0-301F-11D3-BF4B-00C04F79EFBC}") = "NL2ML", "NL2ML\NL2ML.csproj", "{B1B8C232-0C13-46DF-9E5C-736EC470C5FC}"
EndProject
Project("{FAE04EC0-301F-11D3-BF4B-00C04F79EFBC}") = "NLPWebService", "NLPWebService\NLPWebService.csproj", "{0F429D0E-0153-47B2-ADF7-F585CF0A3662}"
EndProject
Project("{FAE04EC0-301F-11D3-BF4B-00C04F79EFBC}") = "NL2MLService", "NL2MLService\NL2MLService.csproj", "{5968B699-F21C-4657-9BE2-E0C9132D00C5}"
EndProject
Project("{FAE04EC0-301F-11D3-BF4B-00C04F79EFBC}") = "VoiceReceiver", "VoiceReceiver\VoiceReceiver.csproj", "{9F67CBC4-1A6C-4318-B9EA-409C53C544D8}"
EndProject
Global
	GlobalSection(SolutionConfigurationPlatforms) = preSolution
		Debug|Any CPU = Debug|Any CPU
		Debug|ARM = Debug|ARM
		Debug|Mixed Platforms = Debug|Mixed Platforms
		Debug|x64 = Debug|x64
		Debug|x86 = Debug|x86
		Release|Any CPU = Release|Any CPU
		Release|ARM = Release|ARM
		Release|Mixed Platforms = Release|Mixed Platforms
		Release|x64 = Release|x64
		Release|x86 = Release|x86
	EndGlobalSection
	GlobalSection(ProjectConfigurationPlatforms) = postSolution
		{8D00492F-35CD-4559-BFB6-448A35E00509}.Debug|Any CPU.ActiveCfg = Debug|Any CPU
		{8D00492F-35CD-4559-BFB6-448A35E00509}.Debug|Any CPU.Build.0 = Debug|Any CPU
		{8D00492F-35CD-4559-BFB6-448A35E00509}.Debug|Any CPU.Deploy.0 = Debug|Any CPU
		{8D00492F-35CD-4559-BFB6-448A35E00509}.Debug|ARM.ActiveCfg = Debug|ARM
		{8D00492F-35CD-4559-BFB6-448A35E00509}.Debug|ARM.Build.0 = Debug|ARM
		{8D00492F-35CD-4559-BFB6-448A35E00509}.Debug|ARM.Deploy.0 = Debug|ARM
		{8D00492F-35CD-4559-BFB6-448A35E00509}.Debug|Mixed Platforms.ActiveCfg = Debug|x86
		{8D00492F-35CD-4559-BFB6-448A35E00509}.Debug|Mixed Platforms.Build.0 = Debug|x86
		{8D00492F-35CD-4559-BFB6-448A35E00509}.Debug|Mixed Platforms.Deploy.0 = Debug|x86
		{8D00492F-35CD-4559-BFB6-448A35E00509}.Debug|x64.ActiveCfg = Debug|x64
		{8D00492F-35CD-4559-BFB6-448A35E00509}.Debug|x64.Build.0 = Debug|x64
		{8D00492F-35CD-4559-BFB6-448A35E00509}.Debug|x64.Deploy.0 = Debug|x64
		{8D00492F-35CD-4559-BFB6-448A35E00509}.Debug|x86.ActiveCfg = Debug|x86
		{8D00492F-35CD-4559-BFB6-448A35E00509}.Debug|x86.Build.0 = Debug|x86
		{8D00492F-35CD-4559-BFB6-448A35E00509}.Debug|x86.Deploy.0 = Debug|x86
		{8D00492F-35CD-4559-BFB6-448A35E00509}.Release|Any CPU.ActiveCfg = Release|Any CPU
		{8D00492F-35CD-4559-BFB6-448A35E00509}.Release|Any CPU.Build.0 = Release|Any CPU
		{8D00492F-35CD-4559-BFB6-448A35E00509}.Release|Any CPU.Deploy.0 = Release|Any CPU
		{8D00492F-35CD-4559-BFB6-448A35E00509}.Release|ARM.ActiveCfg = Release|ARM
		{8D00492F-35CD-4559-BFB6-448A35E00509}.Release|ARM.Build.0 = Release|ARM
		{8D00492F-35CD-4559-BFB6-448A35E00509}.Release|ARM.Deploy.0 = Release|ARM
		{8D00492F-35CD-4559-BFB6-448A35E00509}.Release|Mixed Platforms.ActiveCfg = Release|x86
		{8D00492F-35CD-4559-BFB6-448A35E00509}.Release|Mixed Platforms.Build.0 = Release|x86
		{8D00492F-35CD-4559-BFB6-448A35E00509}.Release|Mixed Platforms.Deploy.0 = Release|x86
		{8D00492F-35CD-4559-BFB6-448A35E00509}.Release|x64.ActiveCfg = Release|x64
		{8D00492F-35CD-4559-BFB6-448A35E00509}.Release|x64.Build.0 = Release|x64
		{8D00492F-35CD-4559-BFB6-448A35E00509}.Release|x64.Deploy.0 = Release|x64
		{8D00492F-35CD-4559-BFB6-448A35E00509}.Release|x86.ActiveCfg = Release|x86
		{8D00492F-35CD-4559-BFB6-448A35E00509}.Release|x86.Build.0 = Release|x86
		{8D00492F-35CD-4559-BFB6-448A35E00509}.Release|x86.Deploy.0 = Release|x86
		{441F9056-97EE-4774-9DDC-D8F62BE2746F}.Debug|Any CPU.ActiveCfg = Debug|Any CPU
		{441F9056-97EE-4774-9DDC-D8F62BE2746F}.Debug|Any CPU.Build.0 = Debug|Any CPU
		{441F9056-97EE-4774-9DDC-D8F62BE2746F}.Debug|ARM.ActiveCfg = Debug|Any CPU
		{441F9056-97EE-4774-9DDC-D8F62BE2746F}.Debug|Mixed Platforms.ActiveCfg = Debug|Any CPU
		{441F9056-97EE-4774-9DDC-D8F62BE2746F}.Debug|Mixed Platforms.Build.0 = Debug|Any CPU
		{441F9056-97EE-4774-9DDC-D8F62BE2746F}.Debug|x64.ActiveCfg = Debug|Any CPU
		{441F9056-97EE-4774-9DDC-D8F62BE2746F}.Debug|x86.ActiveCfg = Debug|Any CPU
		{441F9056-97EE-4774-9DDC-D8F62BE2746F}.Release|Any CPU.ActiveCfg = Release|Any CPU
		{441F9056-97EE-4774-9DDC-D8F62BE2746F}.Release|Any CPU.Build.0 = Release|Any CPU
		{441F9056-97EE-4774-9DDC-D8F62BE2746F}.Release|ARM.ActiveCfg = Release|Any CPU
		{441F9056-97EE-4774-9DDC-D8F62BE2746F}.Release|Mixed Platforms.ActiveCfg = Release|Any CPU
		{441F9056-97EE-4774-9DDC-D8F62BE2746F}.Release|Mixed Platforms.Build.0 = Release|Any CPU
		{441F9056-97EE-4774-9DDC-D8F62BE2746F}.Release|x64.ActiveCfg = Release|Any CPU
		{441F9056-97EE-4774-9DDC-D8F62BE2746F}.Release|x86.ActiveCfg = Release|Any CPU
		{93055502-678C-4A01-9F74-07F6B563A514}.Debug|Any CPU.ActiveCfg = Debug|Any CPU
		{93055502-678C-4A01-9F74-07F6B563A514}.Debug|Any CPU.Build.0 = Debug|Any CPU
		{93055502-678C-4A01-9F74-07F6B563A514}.Debug|ARM.ActiveCfg = Debug|Any CPU
		{93055502-678C-4A01-9F74-07F6B563A514}.Debug|Mixed Platforms.ActiveCfg = Debug|Any CPU
		{93055502-678C-4A01-9F74-07F6B563A514}.Debug|Mixed Platforms.Build.0 = Debug|Any CPU
		{93055502-678C-4A01-9F74-07F6B563A514}.Debug|x64.ActiveCfg = Debug|Any CPU
		{93055502-678C-4A01-9F74-07F6B563A514}.Debug|x86.ActiveCfg = Debug|Any CPU
		{93055502-678C-4A01-9F74-07F6B563A514}.Release|Any CPU.ActiveCfg = Release|Any CPU
		{93055502-678C-4A01-9F74-07F6B563A514}.Release|Any CPU.Build.0 = Release|Any CPU
		{93055502-678C-4A01-9F74-07F6B563A514}.Release|ARM.ActiveCfg = Release|Any CPU
		{93055502-678C-4A01-9F74-07F6B563A514}.Release|Mixed Platforms.ActiveCfg = Release|Any CPU
		{93055502-678C-4A01-9F74-07F6B563A514}.Release|Mixed Platforms.Build.0 = Release|Any CPU
		{93055502-678C-4A01-9F74-07F6B563A514}.Release|x64.ActiveCfg = Release|Any CPU
		{93055502-678C-4A01-9F74-07F6B563A514}.Release|x86.ActiveCfg = Release|Any CPU
		{6D4F5BE0-82DF-452E-97E1-38B0E88E352B}.Debug|Any CPU.ActiveCfg = Debug|Any CPU
		{6D4F5BE0-82DF-452E-97E1-38B0E88E352B}.Debug|Any CPU.Build.0 = Debug|Any CPU
		{6D4F5BE0-82DF-452E-97E1-38B0E88E352B}.Debug|ARM.ActiveCfg = Debug|Any CPU
		{6D4F5BE0-82DF-452E-97E1-38B0E88E352B}.Debug|Mixed Platforms.ActiveCfg = Debug|Any CPU
		{6D4F5BE0-82DF-452E-97E1-38B0E88E352B}.Debug|Mixed Platforms.Build.0 = Debug|Any CPU
		{6D4F5BE0-82DF-452E-97E1-38B0E88E352B}.Debug|x64.ActiveCfg = Debug|Any CPU
		{6D4F5BE0-82DF-452E-97E1-38B0E88E352B}.Debug|x86.ActiveCfg = Debug|Any CPU
		{6D4F5BE0-82DF-452E-97E1-38B0E88E352B}.Release|Any CPU.ActiveCfg = Release|Any CPU
		{6D4F5BE0-82DF-452E-97E1-38B0E88E352B}.Release|Any CPU.Build.0 = Release|Any CPU
		{6D4F5BE0-82DF-452E-97E1-38B0E88E352B}.Release|ARM.ActiveCfg = Release|Any CPU
		{6D4F5BE0-82DF-452E-97E1-38B0E88E352B}.Release|Mixed Platforms.ActiveCfg = Release|Any CPU
		{6D4F5BE0-82DF-452E-97E1-38B0E88E352B}.Release|Mixed Platforms.Build.0 = Release|Any CPU
		{6D4F5BE0-82DF-452E-97E1-38B0E88E352B}.Release|x64.ActiveCfg = Release|Any CPU
		{6D4F5BE0-82DF-452E-97E1-38B0E88E352B}.Release|x86.ActiveCfg = Release|Any CPU
		{A36CEFDE-1EF9-41CE-A890-C912ADBDFD65}.Debug|Any CPU.ActiveCfg = Debug|Any CPU
		{A36CEFDE-1EF9-41CE-A890-C912ADBDFD65}.Debug|Any CPU.Build.0 = Debug|Any CPU
		{A36CEFDE-1EF9-41CE-A890-C912ADBDFD65}.Debug|ARM.ActiveCfg = Debug|Any CPU
		{A36CEFDE-1EF9-41CE-A890-C912ADBDFD65}.Debug|Mixed Platforms.ActiveCfg = Debug|Any CPU
		{A36CEFDE-1EF9-41CE-A890-C912ADBDFD65}.Debug|Mixed Platforms.Build.0 = Debug|Any CPU
		{A36CEFDE-1EF9-41CE-A890-C912ADBDFD65}.Debug|x64.ActiveCfg = Debug|Any CPU
		{A36CEFDE-1EF9-41CE-A890-C912ADBDFD65}.Debug|x86.ActiveCfg = Debug|Any CPU
		{A36CEFDE-1EF9-41CE-A890-C912ADBDFD65}.Release|Any CPU.ActiveCfg = Release|Any CPU
		{A36CEFDE-1EF9-41CE-A890-C912ADBDFD65}.Release|Any CPU.Build.0 = Release|Any CPU
		{A36CEFDE-1EF9-41CE-A890-C912ADBDFD65}.Release|ARM.ActiveCfg = Release|Any CPU
		{A36CEFDE-1EF9-41CE-A890-C912ADBDFD65}.Release|Mixed Platforms.ActiveCfg = Release|Any CPU
		{A36CEFDE-1EF9-41CE-A890-C912ADBDFD65}.Release|Mixed Platforms.Build.0 = Release|Any CPU
		{A36CEFDE-1EF9-41CE-A890-C912ADBDFD65}.Release|x64.ActiveCfg = Release|Any CPU
		{A36CEFDE-1EF9-41CE-A890-C912ADBDFD65}.Release|x86.ActiveCfg = Release|Any CPU
		{B1B8C232-0C13-46DF-9E5C-736EC470C5FC}.Debug|Any CPU.ActiveCfg = Debug|Any CPU
		{B1B8C232-0C13-46DF-9E5C-736EC470C5FC}.Debug|Any CPU.Build.0 = Debug|Any CPU
		{B1B8C232-0C13-46DF-9E5C-736EC470C5FC}.Debug|ARM.ActiveCfg = Debug|Any CPU
		{B1B8C232-0C13-46DF-9E5C-736EC470C5FC}.Debug|Mixed Platforms.ActiveCfg = Debug|Any CPU
		{B1B8C232-0C13-46DF-9E5C-736EC470C5FC}.Debug|Mixed Platforms.Build.0 = Debug|Any CPU
		{B1B8C232-0C13-46DF-9E5C-736EC470C5FC}.Debug|x64.ActiveCfg = Debug|Any CPU
		{B1B8C232-0C13-46DF-9E5C-736EC470C5FC}.Debug|x86.ActiveCfg = Debug|Any CPU
		{B1B8C232-0C13-46DF-9E5C-736EC470C5FC}.Release|Any CPU.ActiveCfg = Release|Any CPU
		{B1B8C232-0C13-46DF-9E5C-736EC470C5FC}.Release|Any CPU.Build.0 = Release|Any CPU
		{B1B8C232-0C13-46DF-9E5C-736EC470C5FC}.Release|ARM.ActiveCfg = Release|Any CPU
		{B1B8C232-0C13-46DF-9E5C-736EC470C5FC}.Release|Mixed Platforms.ActiveCfg = Release|Any CPU
		{B1B8C232-0C13-46DF-9E5C-736EC470C5FC}.Release|Mixed Platforms.Build.0 = Release|Any CPU
		{B1B8C232-0C13-46DF-9E5C-736EC470C5FC}.Release|x64.ActiveCfg = Release|Any CPU
		{B1B8C232-0C13-46DF-9E5C-736EC470C5FC}.Release|x86.ActiveCfg = Release|Any CPU
		{0F429D0E-0153-47B2-ADF7-F585CF0A3662}.Debug|Any CPU.ActiveCfg = Debug|Any CPU
		{0F429D0E-0153-47B2-ADF7-F585CF0A3662}.Debug|Any CPU.Build.0 = Debug|Any CPU
		{0F429D0E-0153-47B2-ADF7-F585CF0A3662}.Debug|ARM.ActiveCfg = Debug|Any CPU
		{0F429D0E-0153-47B2-ADF7-F585CF0A3662}.Debug|Mixed Platforms.ActiveCfg = Debug|Any CPU
		{0F429D0E-0153-47B2-ADF7-F585CF0A3662}.Debug|Mixed Platforms.Build.0 = Debug|Any CPU
		{0F429D0E-0153-47B2-ADF7-F585CF0A3662}.Debug|x64.ActiveCfg = Debug|Any CPU
		{0F429D0E-0153-47B2-ADF7-F585CF0A3662}.Debug|x86.ActiveCfg = Debug|Any CPU
		{0F429D0E-0153-47B2-ADF7-F585CF0A3662}.Release|Any CPU.ActiveCfg = Release|Any CPU
		{0F429D0E-0153-47B2-ADF7-F585CF0A3662}.Release|Any CPU.Build.0 = Release|Any CPU
		{0F429D0E-0153-47B2-ADF7-F585CF0A3662}.Release|ARM.ActiveCfg = Release|Any CPU
		{0F429D0E-0153-47B2-ADF7-F585CF0A3662}.Release|Mixed Platforms.ActiveCfg = Release|Any CPU
		{0F429D0E-0153-47B2-ADF7-F585CF0A3662}.Release|Mixed Platforms.Build.0 = Release|Any CPU
		{0F429D0E-0153-47B2-ADF7-F585CF0A3662}.Release|x64.ActiveCfg = Release|Any CPU
		{0F429D0E-0153-47B2-ADF7-F585CF0A3662}.Release|x86.ActiveCfg = Release|Any CPU
		{5968B699-F21C-4657-9BE2-E0C9132D00C5}.Debug|Any CPU.ActiveCfg = Debug|Any CPU
		{5968B699-F21C-4657-9BE2-E0C9132D00C5}.Debug|Any CPU.Build.0 = Debug|Any CPU
		{5968B699-F21C-4657-9BE2-E0C9132D00C5}.Debug|ARM.ActiveCfg = Debug|Any CPU
		{5968B699-F21C-4657-9BE2-E0C9132D00C5}.Debug|Mixed Platforms.ActiveCfg = Debug|Any CPU
		{5968B699-F21C-4657-9BE2-E0C9132D00C5}.Debug|Mixed Platforms.Build.0 = Debug|Any CPU
		{5968B699-F21C-4657-9BE2-E0C9132D00C5}.Debug|x64.ActiveCfg = Debug|Any CPU
		{5968B699-F21C-4657-9BE2-E0C9132D00C5}.Debug|x86.ActiveCfg = Debug|Any CPU
		{5968B699-F21C-4657-9BE2-E0C9132D00C5}.Release|Any CPU.ActiveCfg = Release|Any CPU
		{5968B699-F21C-4657-9BE2-E0C9132D00C5}.Release|Any CPU.Build.0 = Release|Any CPU
		{5968B699-F21C-4657-9BE2-E0C9132D00C5}.Release|ARM.ActiveCfg = Release|Any CPU
		{5968B699-F21C-4657-9BE2-E0C9132D00C5}.Release|Mixed Platforms.ActiveCfg = Release|Any CPU
		{5968B699-F21C-4657-9BE2-E0C9132D00C5}.Release|Mixed Platforms.Build.0 = Release|Any CPU
		{5968B699-F21C-4657-9BE2-E0C9132D00C5}.Release|x64.ActiveCfg = Release|Any CPU
		{5968B699-F21C-4657-9BE2-E0C9132D00C5}.Release|x86.ActiveCfg = Release|Any CPU
		{9F67CBC4-1A6C-4318-B9EA-409C53C544D8}.Debug|Any CPU.ActiveCfg = Debug|Any CPU
		{9F67CBC4-1A6C-4318-B9EA-409C53C544D8}.Debug|Any CPU.Build.0 = Debug|Any CPU
		{9F67CBC4-1A6C-4318-B9EA-409C53C544D8}.Debug|ARM.ActiveCfg = Debug|Any CPU
		{9F67CBC4-1A6C-4318-B9EA-409C53C544D8}.Debug|Mixed Platforms.ActiveCfg = Debug|Any CPU
		{9F67CBC4-1A6C-4318-B9EA-409C53C544D8}.Debug|Mixed Platforms.Build.0 = Debug|Any CPU
		{9F67CBC4-1A6C-4318-B9EA-409C53C544D8}.Debug|x64.ActiveCfg = Debug|Any CPU
		{9F67CBC4-1A6C-4318-B9EA-409C53C544D8}.Debug|x86.ActiveCfg = Debug|Any CPU
		{9F67CBC4-1A6C-4318-B9EA-409C53C544D8}.Release|Any CPU.ActiveCfg = Release|Any CPU
		{9F67CBC4-1A6C-4318-B9EA-409C53C544D8}.Release|Any CPU.Build.0 = Release|Any CPU
		{9F67CBC4-1A6C-4318-B9EA-409C53C544D8}.Release|ARM.ActiveCfg = Release|Any CPU
		{9F67CBC4-1A6C-4318-B9EA-409C53C544D8}.Release|Mixed Platforms.ActiveCfg = Release|Any CPU
		{9F67CBC4-1A6C-4318-B9EA-409C53C544D8}.Release|Mixed Platforms.Build.0 = Release|Any CPU
		{9F67CBC4-1A6C-4318-B9EA-409C53C544D8}.Release|x64.ActiveCfg = Release|Any CPU
		{9F67CBC4-1A6C-4318-B9EA-409C53C544D8}.Release|x86.ActiveCfg = Release|Any CPU
	EndGlobalSection
	GlobalSection(SolutionProperties) = preSolution
		HideSolutionNode = FALSE
	EndGlobalSection
EndGlobal
